
Microsoft Visual Studio Solution File, Format Version 12.00
# Visual Studio Version 18
VisualStudioVersion = 18.3.11222.16 d18.3
MinimumVisualStudioVersion = 10.0.40219.1
Project("{FAE04EC0-301F-11D3-BF4B-00C04F79EFBC}") = "AoC2503", "AoC2503\AoC2503.csproj", "{82C63F0A-4082-4629-8982-F6B7EE8C4299}"
EndProject
Project("{FAE04EC0-301F-11D3-BF4B-00C04F79EFBC}") = "AoC2502", "AoC2502\AoC2502.csproj", "{23FB5904-0918-66E3-AA79-713F2B326BCF}"
EndProject
Project("{FAE04EC0-301F-11D3-BF4B-00C04F79EFBC}") = "AoC2501", "AoC2501\AoC2501.csproj", "{6E1F3200-2EB0-3C40-1A7B-CAD9B0163E7C}"
EndProject
Project("{FAE04EC0-301F-11D3-BF4B-00C04F79EFBC}") = "AoC2504", "AoC2504\AoC2504.csproj", "{98A7EC64-0EA2-481F-843D-1FCE5E226E47}"
EndProject
Project("{FAE04EC0-301F-11D3-BF4B-00C04F79EFBC}") = "AoC2505", "AoC2505\AoC2505.csproj", "{63A67D79-0803-436B-9FA2-23278092BDF3}"
EndProject
Project("{FAE04EC0-301F-11D3-BF4B-00C04F79EFBC}") = "Aoc2506", "Aoc2506\Aoc2506.csproj", "{D27741AC-5A25-413D-8933-149B1446D398}"
EndProject
Project("{FAE04EC0-301F-11D3-BF4B-00C04F79EFBC}") = "AoC2507", "AoC2507\AoC2507.csproj", "{CCCB9D25-93A8-43E9-A4F2-7961CF02ACA7}"
EndProject
Global
	GlobalSection(SolutionConfigurationPlatforms) = preSolution
		Debug|Any CPU = Debug|Any CPU
		Release|Any CPU = Release|Any CPU
	EndGlobalSection
	GlobalSection(ProjectConfigurationPlatforms) = postSolution
		{82C63F0A-4082-4629-8982-F6B7EE8C4299}.Debug|Any CPU.ActiveCfg = Debug|Any CPU
		{82C63F0A-4082-4629-8982-F6B7EE8C4299}.Debug|Any CPU.Build.0 = Debug|Any CPU
		{82C63F0A-4082-4629-8982-F6B7EE8C4299}.Release|Any CPU.ActiveCfg = Release|Any CPU
		{82C63F0A-4082-4629-8982-F6B7EE8C4299}.Release|Any CPU.Build.0 = Release|Any CPU
		{23FB5904-0918-66E3-AA79-713F2B326BCF}.Debug|Any CPU.ActiveCfg = Debug|Any CPU
		{23FB5904-0918-66E3-AA79-713F2B326BCF}.Debug|Any CPU.Build.0 = Debug|Any CPU
		{23FB5904-0918-66E3-AA79-713F2B326BCF}.Release|Any CPU.ActiveCfg = Release|Any CPU
		{23FB5904-0918-66E3-AA79-713F2B326BCF}.Release|Any CPU.Build.0 = Release|Any CPU
		{6E1F3200-2EB0-3C40-1A7B-CAD9B0163E7C}.Debug|Any CPU.ActiveCfg = Debug|Any CPU
		{6E1F3200-2EB0-3C40-1A7B-CAD9B0163E7C}.Debug|Any CPU.Build.0 = Debug|Any CPU
		{6E1F3200-2EB0-3C40-1A7B-CAD9B0163E7C}.Release|Any CPU.ActiveCfg = Release|Any CPU
		{6E1F3200-2EB0-3C40-1A7B-CAD9B0163E7C}.Release|Any CPU.Build.0 = Release|Any CPU
		{98A7EC64-0EA2-481F-843D-1FCE5E226E47}.Debug|Any CPU.ActiveCfg = Debug|Any CPU
		{98A7EC64-0EA2-481F-843D-1FCE5E226E47}.Debug|Any CPU.Build.0 = Debug|Any CPU
		{98A7EC64-0EA2-481F-843D-1FCE5E226E47}.Release|Any CPU.ActiveCfg = Release|Any CPU
		{98A7EC64-0EA2-481F-843D-1FCE5E226E47}.Release|Any CPU.Build.0 = Release|Any CPU
		{63A67D79-0803-436B-9FA2-23278092BDF3}.Debug|Any CPU.ActiveCfg = Debug|Any CPU
		{63A67D79-0803-436B-9FA2-23278092BDF3}.Debug|Any CPU.Build.0 = Debug|Any CPU
		{63A67D79-0803-436B-9FA2-23278092BDF3}.Release|Any CPU.ActiveCfg = Release|Any CPU
		{63A67D79-0803-436B-9FA2-23278092BDF3}.Release|Any CPU.Build.0 = Release|Any CPU
		{D27741AC-5A25-413D-8933-149B1446D398}.Debug|Any CPU.ActiveCfg = Debug|Any CPU
		{D27741AC-5A25-413D-8933-149B1446D398}.Debug|Any CPU.Build.0 = Debug|Any CPU
		{D27741AC-5A25-413D-8933-149B1446D398}.Release|Any CPU.ActiveCfg = Release|Any CPU
		{D27741AC-5A25-413D-8933-149B1446D398}.Release|Any CPU.Build.0 = Release|Any CPU
		{CCCB9D25-93A8-43E9-A4F2-7961CF02ACA7}.Debug|Any CPU.ActiveCfg = Debug|Any CPU
		{CCCB9D25-93A8-43E9-A4F2-7961CF02ACA7}.Debug|Any CPU.Build.0 = Debug|Any CPU
		{CCCB9D25-93A8-43E9-A4F2-7961CF02ACA7}.Release|Any CPU.ActiveCfg = Release|Any CPU
		{CCCB9D25-93A8-43E9-A4F2-7961CF02ACA7}.Release|Any CPU.Build.0 = Release|Any CPU
	EndGlobalSection
	GlobalSection(SolutionProperties) = preSolution
		HideSolutionNode = FALSE
	EndGlobalSection
	GlobalSection(ExtensibilityGlobals) = postSolution
		SolutionGuid = {48918420-2EEE-42B1-A6BC-998A6E3E3D8A}
	EndGlobalSection
EndGlobal
